
Microsoft Visual Studio Solution File, Format Version 12.00
# Visual Studio Version 17
VisualStudioVersion = 17.0.31903.59
MinimumVisualStudioVersion = 10.0.40219.1
Project("{FAE04EC0-301F-11D3-BF4B-00C04F79EFBC}") = "UFCHelper.UWP", "UFCHelper\UFCHelper.UWP\UFCHelper.UWP.csproj", "{198D4C03-313C-4D03-B55E-15098B566964}"
EndProject
Project("{FAE04EC0-301F-11D3-BF4B-00C04F79EFBC}") = "UFCHelper.Android", "UFCHelper\UFCHelper.Android\UFCHelper.Android.csproj", "{284FF389-ABCA-4166-B716-E1E61F3E0E4B}"
EndProject
Project("{FAE04EC0-301F-11D3-BF4B-00C04F79EFBC}") = "UFCHelper.iOS", "UFCHelper\UFCHelper.iOS\UFCHelper.iOS.csproj", "{3811CE97-8560-4A3C-A722-8EEA6C0739EA}"
EndProject
Project("{9A19103F-16F7-4668-BE54-9A1E7A4F7556}") = "UFCHelper", "UFCHelper\UFCHelper\UFCHelper.csproj", "{46AA63BD-6969-4F05-B5CD-C19470A1EDEF}"
EndProject
Project("{9A19103F-16F7-4668-BE54-9A1E7A4F7556}") = "WorkWithDB", "WorkWithDB\WorkWithDB.csproj", "{9D355995-9F0B-4827-8F10-79594BEE867E}"
EndProject
Project("{9A19103F-16F7-4668-BE54-9A1E7A4F7556}") = "Models", "Models\Models.csproj", "{E1E9DBFF-FA35-4671-A3BB-80DEB48AAD13}"
EndProject
Global
	GlobalSection(SolutionConfigurationPlatforms) = preSolution
		Debug|Any CPU = Debug|Any CPU
		Debug|ARM = Debug|ARM
		Debug|iPhone = Debug|iPhone
		Debug|iPhoneSimulator = Debug|iPhoneSimulator
		Debug|x64 = Debug|x64
		Debug|x86 = Debug|x86
		Release|Any CPU = Release|Any CPU
		Release|ARM = Release|ARM
		Release|iPhone = Release|iPhone
		Release|iPhoneSimulator = Release|iPhoneSimulator
		Release|x64 = Release|x64
		Release|x86 = Release|x86
	EndGlobalSection
	GlobalSection(ProjectConfigurationPlatforms) = postSolution
		{198D4C03-313C-4D03-B55E-15098B566964}.Debug|Any CPU.ActiveCfg = Debug|x64
		{198D4C03-313C-4D03-B55E-15098B566964}.Debug|Any CPU.Build.0 = Debug|x64
		{198D4C03-313C-4D03-B55E-15098B566964}.Debug|Any CPU.Deploy.0 = Debug|x64
		{198D4C03-313C-4D03-B55E-15098B566964}.Debug|ARM.ActiveCfg = Debug|ARM
		{198D4C03-313C-4D03-B55E-15098B566964}.Debug|ARM.Build.0 = Debug|ARM
		{198D4C03-313C-4D03-B55E-15098B566964}.Debug|ARM.Deploy.0 = Debug|ARM
		{198D4C03-313C-4D03-B55E-15098B566964}.Debug|iPhone.ActiveCfg = Debug|x64
		{198D4C03-313C-4D03-B55E-15098B566964}.Debug|iPhone.Build.0 = Debug|x64
		{198D4C03-313C-4D03-B55E-15098B566964}.Debug|iPhone.Deploy.0 = Debug|x64
		{198D4C03-313C-4D03-B55E-15098B566964}.Debug|iPhoneSimulator.ActiveCfg = Debug|x64
		{198D4C03-313C-4D03-B55E-15098B566964}.Debug|iPhoneSimulator.Build.0 = Debug|x64
		{198D4C03-313C-4D03-B55E-15098B566964}.Debug|iPhoneSimulator.Deploy.0 = Debug|x64
		{198D4C03-313C-4D03-B55E-15098B566964}.Debug|x64.ActiveCfg = Debug|x64
		{198D4C03-313C-4D03-B55E-15098B566964}.Debug|x64.Build.0 = Debug|x64
		{198D4C03-313C-4D03-B55E-15098B566964}.Debug|x64.Deploy.0 = Debug|x64
		{198D4C03-313C-4D03-B55E-15098B566964}.Debug|x86.ActiveCfg = Debug|x86
		{198D4C03-313C-4D03-B55E-15098B566964}.Debug|x86.Build.0 = Debug|x86
		{198D4C03-313C-4D03-B55E-15098B566964}.Debug|x86.Deploy.0 = Debug|x86
		{198D4C03-313C-4D03-B55E-15098B566964}.Release|Any CPU.ActiveCfg = Release|x64
		{198D4C03-313C-4D03-B55E-15098B566964}.Release|Any CPU.Build.0 = Release|x64
		{198D4C03-313C-4D03-B55E-15098B566964}.Release|Any CPU.Deploy.0 = Release|x64
		{198D4C03-313C-4D03-B55E-15098B566964}.Release|ARM.ActiveCfg = Release|ARM
		{198D4C03-313C-4D03-B55E-15098B566964}.Release|ARM.Build.0 = Release|ARM
		{198D4C03-313C-4D03-B55E-15098B566964}.Release|ARM.Deploy.0 = Release|ARM
		{198D4C03-313C-4D03-B55E-15098B566964}.Release|iPhone.ActiveCfg = Release|x64
		{198D4C03-313C-4D03-B55E-15098B566964}.Release|iPhone.Build.0 = Release|x64
		{198D4C03-313C-4D03-B55E-15098B566964}.Release|iPhone.Deploy.0 = Release|x64
		{198D4C03-313C-4D03-B55E-15098B566964}.Release|iPhoneSimulator.ActiveCfg = Release|x64
		{198D4C03-313C-4D03-B55E-15098B566964}.Release|iPhoneSimulator.Build.0 = Release|x64
		{198D4C03-313C-4D03-B55E-15098B566964}.Release|iPhoneSimulator.Deploy.0 = Release|x64
		{198D4C03-313C-4D03-B55E-15098B566964}.Release|x64.ActiveCfg = Release|x64
		{198D4C03-313C-4D03-B55E-15098B566964}.Release|x64.Build.0 = Release|x64
		{198D4C03-313C-4D03-B55E-15098B566964}.Release|x64.Deploy.0 = Release|x64
		{198D4C03-313C-4D03-B55E-15098B566964}.Release|x86.ActiveCfg = Release|x86
		{198D4C03-313C-4D03-B55E-15098B566964}.Release|x86.Build.0 = Release|x86
		{198D4C03-313C-4D03-B55E-15098B566964}.Release|x86.Deploy.0 = Release|x86
		{284FF389-ABCA-4166-B716-E1E61F3E0E4B}.Debug|Any CPU.ActiveCfg = Debug|Any CPU
		{284FF389-ABCA-4166-B716-E1E61F3E0E4B}.Debug|Any CPU.Build.0 = Debug|Any CPU
		{284FF389-ABCA-4166-B716-E1E61F3E0E4B}.Debug|Any CPU.Deploy.0 = Debug|Any CPU
		{284FF389-ABCA-4166-B716-E1E61F3E0E4B}.Debug|ARM.ActiveCfg = Debug|Any CPU
		{284FF389-ABCA-4166-B716-E1E61F3E0E4B}.Debug|ARM.Build.0 = Debug|Any CPU
		{284FF389-ABCA-4166-B716-E1E61F3E0E4B}.Debug|ARM.Deploy.0 = Debug|Any CPU
		{284FF389-ABCA-4166-B716-E1E61F3E0E4B}.Debug|iPhone.ActiveCfg = Debug|Any CPU
		{284FF389-ABCA-4166-B716-E1E61F3E0E4B}.Debug|iPhone.Build.0 = Debug|Any CPU
		{284FF389-ABCA-4166-B716-E1E61F3E0E4B}.Debug|iPhone.Deploy.0 = Debug|Any CPU
		{284FF389-ABCA-4166-B716-E1E61F3E0E4B}.Debug|iPhoneSimulator.ActiveCfg = Debug|Any CPU
		{284FF389-ABCA-4166-B716-E1E61F3E0E4B}.Debug|iPhoneSimulator.Build.0 = Debug|Any CPU
		{284FF389-ABCA-4166-B716-E1E61F3E0E4B}.Debug|iPhoneSimulator.Deploy.0 = Debug|Any CPU
		{284FF389-ABCA-4166-B716-E1E61F3E0E4B}.Debug|x64.ActiveCfg = Debug|Any CPU
		{284FF389-ABCA-4166-B716-E1E61F3E0E4B}.Debug|x64.Build.0 = Debug|Any CPU
		{284FF389-ABCA-4166-B716-E1E61F3E0E4B}.Debug|x64.Deploy.0 = Debug|Any CPU
		{284FF389-ABCA-4166-B716-E1E61F3E0E4B}.Debug|x86.ActiveCfg = Debug|Any CPU
		{284FF389-ABCA-4166-B716-E1E61F3E0E4B}.Debug|x86.Build.0 = Debug|Any CPU
		{284FF389-ABCA-4166-B716-E1E61F3E0E4B}.Debug|x86.Deploy.0 = Debug|Any CPU
		{284FF389-ABCA-4166-B716-E1E61F3E0E4B}.Release|Any CPU.ActiveCfg = Release|Any CPU
		{284FF389-ABCA-4166-B716-E1E61F3E0E4B}.Release|Any CPU.Build.0 = Release|Any CPU
		{284FF389-ABCA-4166-B716-E1E61F3E0E4B}.Release|Any CPU.Deploy.0 = Release|Any CPU
		{284FF389-ABCA-4166-B716-E1E61F3E0E4B}.Release|ARM.ActiveCfg = Release|Any CPU
		{284FF389-ABCA-4166-B716-E1E61F3E0E4B}.Release|ARM.Build.0 = Release|Any CPU
		{284FF389-ABCA-4166-B716-E1E61F3E0E4B}.Release|ARM.Deploy.0 = Release|Any CPU
		{284FF389-ABCA-4166-B716-E1E61F3E0E4B}.Release|iPhone.ActiveCfg = Release|Any CPU
		{284FF389-ABCA-4166-B716-E1E61F3E0E4B}.Release|iPhone.Build.0 = Release|Any CPU
		{284FF389-ABCA-4166-B716-E1E61F3E0E4B}.Release|iPhone.Deploy.0 = Release|Any CPU
		{284FF389-ABCA-4166-B716-E1E61F3E0E4B}.Release|iPhoneSimulator.ActiveCfg = Release|Any CPU
		{284FF389-ABCA-4166-B716-E1E61F3E0E4B}.Release|iPhoneSimulator.Build.0 = Release|Any CPU
		{284FF389-ABCA-4166-B716-E1E61F3E0E4B}.Release|iPhoneSimulator.Deploy.0 = Release|Any CPU
		{284FF389-ABCA-4166-B716-E1E61F3E0E4B}.Release|x64.ActiveCfg = Release|Any CPU
		{284FF389-ABCA-4166-B716-E1E61F3E0E4B}.Release|x64.Build.0 = Release|Any CPU
		{284FF389-ABCA-4166-B716-E1E61F3E0E4B}.Release|x64.Deploy.0 = Release|Any CPU
		{284FF389-ABCA-4166-B716-E1E61F3E0E4B}.Release|x86.ActiveCfg = Release|Any CPU
		{284FF389-ABCA-4166-B716-E1E61F3E0E4B}.Release|x86.Build.0 = Release|Any CPU
		{284FF389-ABCA-4166-B716-E1E61F3E0E4B}.Release|x86.Deploy.0 = Release|Any CPU
		{3811CE97-8560-4A3C-A722-8EEA6C0739EA}.Debug|Any CPU.ActiveCfg = Debug|iPhoneSimulator
		{3811CE97-8560-4A3C-A722-8EEA6C0739EA}.Debug|Any CPU.Build.0 = Debug|iPhoneSimulator
		{3811CE97-8560-4A3C-A722-8EEA6C0739EA}.Debug|Any CPU.Deploy.0 = Debug|iPhoneSimulator
		{3811CE97-8560-4A3C-A722-8EEA6C0739EA}.Debug|ARM.ActiveCfg = Debug|iPhoneSimulator
		{3811CE97-8560-4A3C-A722-8EEA6C0739EA}.Debug|ARM.Build.0 = Debug|iPhoneSimulator
		{3811CE97-8560-4A3C-A722-8EEA6C0739EA}.Debug|ARM.Deploy.0 = Debug|iPhoneSimulator
		{3811CE97-8560-4A3C-A722-8EEA6C0739EA}.Debug|iPhone.ActiveCfg = Debug|iPhone
		{3811CE97-8560-4A3C-A722-8EEA6C0739EA}.Debug|iPhone.Build.0 = Debug|iPhone
		{3811CE97-8560-4A3C-A722-8EEA6C0739EA}.Debug|iPhone.Deploy.0 = Debug|iPhone
		{3811CE97-8560-4A3C-A722-8EEA6C0739EA}.Debug|iPhoneSimulator.ActiveCfg = Debug|iPhoneSimulator
		{3811CE97-8560-4A3C-A722-8EEA6C0739EA}.Debug|iPhoneSimulator.Build.0 = Debug|iPhoneSimulator
		{3811CE97-8560-4A3C-A722-8EEA6C0739EA}.Debug|iPhoneSimulator.Deploy.0 = Debug|iPhoneSimulator
		{3811CE97-8560-4A3C-A722-8EEA6C0739EA}.Debug|x64.ActiveCfg = Debug|iPhone
		{3811CE97-8560-4A3C-A722-8EEA6C0739EA}.Debug|x64.Build.0 = Debug|iPhone
		{3811CE97-8560-4A3C-A722-8EEA6C0739EA}.Debug|x64.Deploy.0 = Debug|iPhone
		{3811CE97-8560-4A3C-A722-8EEA6C0739EA}.Debug|x86.ActiveCfg = Debug|iPhoneSimulator
		{3811CE97-8560-4A3C-A722-8EEA6C0739EA}.Debug|x86.Build.0 = Debug|iPhoneSimulator
		{3811CE97-8560-4A3C-A722-8EEA6C0739EA}.Debug|x86.Deploy.0 = Debug|iPhoneSimulator
		{3811CE97-8560-4A3C-A722-8EEA6C0739EA}.Release|Any CPU.ActiveCfg = Release|iPhoneSimulator
		{3811CE97-8560-4A3C-A722-8EEA6C0739EA}.Release|Any CPU.Build.0 = Release|iPhoneSimulator
		{3811CE97-8560-4A3C-A722-8EEA6C0739EA}.Release|Any CPU.Deploy.0 = Release|iPhoneSimulator
		{3811CE97-8560-4A3C-A722-8EEA6C0739EA}.Release|ARM.ActiveCfg = Release|iPhoneSimulator
		{3811CE97-8560-4A3C-A722-8EEA6C0739EA}.Release|ARM.Build.0 = Release|iPhoneSimulator
		{3811CE97-8560-4A3C-A722-8EEA6C0739EA}.Release|ARM.Deploy.0 = Release|iPhoneSimulator
		{3811CE97-8560-4A3C-A722-8EEA6C0739EA}.Release|iPhone.ActiveCfg = Release|iPhone
		{3811CE97-8560-4A3C-A722-8EEA6C0739EA}.Release|iPhone.Build.0 = Release|iPhone
		{3811CE97-8560-4A3C-A722-8EEA6C0739EA}.Release|iPhone.Deploy.0 = Release|iPhone
		{3811CE97-8560-4A3C-A722-8EEA6C0739EA}.Release|iPhoneSimulator.ActiveCfg = Release|iPhoneSimulator
		{3811CE97-8560-4A3C-A722-8EEA6C0739EA}.Release|iPhoneSimulator.Build.0 = Release|iPhoneSimulator
		{3811CE97-8560-4A3C-A722-8EEA6C0739EA}.Release|iPhoneSimulator.Deploy.0 = Release|iPhoneSimulator
		{3811CE97-8560-4A3C-A722-8EEA6C0739EA}.Release|x64.ActiveCfg = Release|iPhoneSimulator
		{3811CE97-8560-4A3C-A722-8EEA6C0739EA}.Release|x64.Build.0 = Release|iPhoneSimulator
		{3811CE97-8560-4A3C-A722-8EEA6C0739EA}.Release|x64.Deploy.0 = Release|iPhoneSimulator
		{3811CE97-8560-4A3C-A722-8EEA6C0739EA}.Release|x86.ActiveCfg = Release|iPhoneSimulator
		{3811CE97-8560-4A3C-A722-8EEA6C0739EA}.Release|x86.Build.0 = Release|iPhoneSimulator
		{3811CE97-8560-4A3C-A722-8EEA6C0739EA}.Release|x86.Deploy.0 = Release|iPhoneSimulator
		{46AA63BD-6969-4F05-B5CD-C19470A1EDEF}.Debug|Any CPU.ActiveCfg = Debug|Any CPU
		{46AA63BD-6969-4F05-B5CD-C19470A1EDEF}.Debug|Any CPU.Build.0 = Debug|Any CPU
		{46AA63BD-6969-4F05-B5CD-C19470A1EDEF}.Debug|Any CPU.Deploy.0 = Debug|Any CPU
		{46AA63BD-6969-4F05-B5CD-C19470A1EDEF}.Debug|ARM.ActiveCfg = Debug|Any CPU
		{46AA63BD-6969-4F05-B5CD-C19470A1EDEF}.Debug|ARM.Build.0 = Debug|Any CPU
		{46AA63BD-6969-4F05-B5CD-C19470A1EDEF}.Debug|ARM.Deploy.0 = Debug|Any CPU
		{46AA63BD-6969-4F05-B5CD-C19470A1EDEF}.Debug|iPhone.ActiveCfg = Debug|Any CPU
		{46AA63BD-6969-4F05-B5CD-C19470A1EDEF}.Debug|iPhone.Build.0 = Debug|Any CPU
		{46AA63BD-6969-4F05-B5CD-C19470A1EDEF}.Debug|iPhone.Deploy.0 = Debug|Any CPU
		{46AA63BD-6969-4F05-B5CD-C19470A1EDEF}.Debug|iPhoneSimulator.ActiveCfg = Debug|Any CPU
		{46AA63BD-6969-4F05-B5CD-C19470A1EDEF}.Debug|iPhoneSimulator.Build.0 = Debug|Any CPU
		{46AA63BD-6969-4F05-B5CD-C19470A1EDEF}.Debug|iPhoneSimulator.Deploy.0 = Debug|Any CPU
		{46AA63BD-6969-4F05-B5CD-C19470A1EDEF}.Debug|x64.ActiveCfg = Debug|Any CPU
		{46AA63BD-6969-4F05-B5CD-C19470A1EDEF}.Debug|x64.Build.0 = Debug|Any CPU
		{46AA63BD-6969-4F05-B5CD-C19470A1EDEF}.Debug|x64.Deploy.0 = Debug|Any CPU
		{46AA63BD-6969-4F05-B5CD-C19470A1EDEF}.Debug|x86.ActiveCfg = Debug|Any CPU
		{46AA63BD-6969-4F05-B5CD-C19470A1EDEF}.Debug|x86.Build.0 = Debug|Any CPU
		{46AA63BD-6969-4F05-B5CD-C19470A1EDEF}.Debug|x86.Deploy.0 = Debug|Any CPU
		{46AA63BD-6969-4F05-B5CD-C19470A1EDEF}.Release|Any CPU.ActiveCfg = Release|Any CPU
		{46AA63BD-6969-4F05-B5CD-C19470A1EDEF}.Release|Any CPU.Build.0 = Release|Any CPU
		{46AA63BD-6969-4F05-B5CD-C19470A1EDEF}.Release|Any CPU.Deploy.0 = Release|Any CPU
		{46AA63BD-6969-4F05-B5CD-C19470A1EDEF}.Release|ARM.ActiveCfg = Release|Any CPU
		{46AA63BD-6969-4F05-B5CD-C19470A1EDEF}.Release|ARM.Build.0 = Release|Any CPU
		{46AA63BD-6969-4F05-B5CD-C19470A1EDEF}.Release|ARM.Deploy.0 = Release|Any CPU
		{46AA63BD-6969-4F05-B5CD-C19470A1EDEF}.Release|iPhone.ActiveCfg = Release|Any CPU
		{46AA63BD-6969-4F05-B5CD-C19470A1EDEF}.Release|iPhone.Build.0 = Release|Any CPU
		{46AA63BD-6969-4F05-B5CD-C19470A1EDEF}.Release|iPhone.Deploy.0 = Release|Any CPU
		{46AA63BD-6969-4F05-B5CD-C19470A1EDEF}.Release|iPhoneSimulator.ActiveCfg = Release|Any CPU
		{46AA63BD-6969-4F05-B5CD-C19470A1EDEF}.Release|iPhoneSimulator.Build.0 = Release|Any CPU
		{46AA63BD-6969-4F05-B5CD-C19470A1EDEF}.Release|iPhoneSimulator.Deploy.0 = Release|Any CPU
		{46AA63BD-6969-4F05-B5CD-C19470A1EDEF}.Release|x64.ActiveCfg = Release|Any CPU
		{46AA63BD-6969-4F05-B5CD-C19470A1EDEF}.Release|x64.Build.0 = Release|Any CPU
		{46AA63BD-6969-4F05-B5CD-C19470A1EDEF}.Release|x64.Deploy.0 = Release|Any CPU
		{46AA63BD-6969-4F05-B5CD-C19470A1EDEF}.Release|x86.ActiveCfg = Release|Any CPU
		{46AA63BD-6969-4F05-B5CD-C19470A1EDEF}.Release|x86.Build.0 = Release|Any CPU
		{46AA63BD-6969-4F05-B5CD-C19470A1EDEF}.Release|x86.Deploy.0 = Release|Any CPU
		{9D355995-9F0B-4827-8F10-79594BEE867E}.Debug|Any CPU.ActiveCfg = Debug|Any CPU
		{9D355995-9F0B-4827-8F10-79594BEE867E}.Debug|Any CPU.Build.0 = Debug|Any CPU
		{9D355995-9F0B-4827-8F10-79594BEE867E}.Debug|ARM.ActiveCfg = Debug|Any CPU
		{9D355995-9F0B-4827-8F10-79594BEE867E}.Debug|ARM.Build.0 = Debug|Any CPU
		{9D355995-9F0B-4827-8F10-79594BEE867E}.Debug|iPhone.ActiveCfg = Debug|Any CPU
		{9D355995-9F0B-4827-8F10-79594BEE867E}.Debug|iPhone.Build.0 = Debug|Any CPU
		{9D355995-9F0B-4827-8F10-79594BEE867E}.Debug|iPhoneSimulator.ActiveCfg = Debug|Any CPU
		{9D355995-9F0B-4827-8F10-79594BEE867E}.Debug|iPhoneSimulator.Build.0 = Debug|Any CPU
		{9D355995-9F0B-4827-8F10-79594BEE867E}.Debug|x64.ActiveCfg = Debug|Any CPU
		{9D355995-9F0B-4827-8F10-79594BEE867E}.Debug|x64.Build.0 = Debug|Any CPU
		{9D355995-9F0B-4827-8F10-79594BEE867E}.Debug|x86.ActiveCfg = Debug|Any CPU
		{9D355995-9F0B-4827-8F10-79594BEE867E}.Debug|x86.Build.0 = Debug|Any CPU
		{9D355995-9F0B-4827-8F10-79594BEE867E}.Release|Any CPU.ActiveCfg = Release|Any CPU
		{9D355995-9F0B-4827-8F10-79594BEE867E}.Release|Any CPU.Build.0 = Release|Any CPU
		{9D355995-9F0B-4827-8F10-79594BEE867E}.Release|ARM.ActiveCfg = Release|Any CPU
		{9D355995-9F0B-4827-8F10-79594BEE867E}.Release|ARM.Build.0 = Release|Any CPU
		{9D355995-9F0B-4827-8F10-79594BEE867E}.Release|iPhone.ActiveCfg = Release|Any CPU
		{9D355995-9F0B-4827-8F10-79594BEE867E}.Release|iPhone.Build.0 = Release|Any CPU
		{9D355995-9F0B-4827-8F10-79594BEE867E}.Release|iPhoneSimulator.ActiveCfg = Release|Any CPU
		{9D355995-9F0B-4827-8F10-79594BEE867E}.Release|iPhoneSimulator.Build.0 = Release|Any CPU
		{9D355995-9F0B-4827-8F10-79594BEE867E}.Release|x64.ActiveCfg = Release|Any CPU
		{9D355995-9F0B-4827-8F10-79594BEE867E}.Release|x64.Build.0 = Release|Any CPU
		{9D355995-9F0B-4827-8F10-79594BEE867E}.Release|x86.ActiveCfg = Release|Any CPU
		{9D355995-9F0B-4827-8F10-79594BEE867E}.Release|x86.Build.0 = Release|Any CPU
		{E1E9DBFF-FA35-4671-A3BB-80DEB48AAD13}.Debug|Any CPU.ActiveCfg = Debug|Any CPU
		{E1E9DBFF-FA35-4671-A3BB-80DEB48AAD13}.Debug|Any CPU.Build.0 = Debug|Any CPU
		{E1E9DBFF-FA35-4671-A3BB-80DEB48AAD13}.Debug|ARM.ActiveCfg = Debug|Any CPU
		{E1E9DBFF-FA35-4671-A3BB-80DEB48AAD13}.Debug|ARM.Build.0 = Debug|Any CPU
		{E1E9DBFF-FA35-4671-A3BB-80DEB48AAD13}.Debug|iPhone.ActiveCfg = Debug|Any CPU
		{E1E9DBFF-FA35-4671-A3BB-80DEB48AAD13}.Debug|iPhone.Build.0 = Debug|Any CPU
		{E1E9DBFF-FA35-4671-A3BB-80DEB48AAD13}.Debug|iPhoneSimulator.ActiveCfg = Debug|Any CPU
		{E1E9DBFF-FA35-4671-A3BB-80DEB48AAD13}.Debug|iPhoneSimulator.Build.0 = Debug|Any CPU
		{E1E9DBFF-FA35-4671-A3BB-80DEB48AAD13}.Debug|x64.ActiveCfg = Debug|Any CPU
		{E1E9DBFF-FA35-4671-A3BB-80DEB48AAD13}.Debug|x64.Build.0 = Debug|Any CPU
		{E1E9DBFF-FA35-4671-A3BB-80DEB48AAD13}.Debug|x86.ActiveCfg = Debug|Any CPU
		{E1E9DBFF-FA35-4671-A3BB-80DEB48AAD13}.Debug|x86.Build.0 = Debug|Any CPU
		{E1E9DBFF-FA35-4671-A3BB-80DEB48AAD13}.Release|Any CPU.ActiveCfg = Release|Any CPU
		{E1E9DBFF-FA35-4671-A3BB-80DEB48AAD13}.Release|Any CPU.Build.0 = Release|Any CPU
		{E1E9DBFF-FA35-4671-A3BB-80DEB48AAD13}.Release|ARM.ActiveCfg = Release|Any CPU
		{E1E9DBFF-FA35-4671-A3BB-80DEB48AAD13}.Release|ARM.Build.0 = Release|Any CPU
		{E1E9DBFF-FA35-4671-A3BB-80DEB48AAD13}.Release|iPhone.ActiveCfg = Release|Any CPU
		{E1E9DBFF-FA35-4671-A3BB-80DEB48AAD13}.Release|iPhone.Build.0 = Release|Any CPU
		{E1E9DBFF-FA35-4671-A3BB-80DEB48AAD13}.Release|iPhoneSimulator.ActiveCfg = Release|Any CPU
		{E1E9DBFF-FA35-4671-A3BB-80DEB48AAD13}.Release|iPhoneSimulator.Build.0 = Release|Any CPU
		{E1E9DBFF-FA35-4671-A3BB-80DEB48AAD13}.Release|x64.ActiveCfg = Release|Any CPU
		{E1E9DBFF-FA35-4671-A3BB-80DEB48AAD13}.Release|x64.Build.0 = Release|Any CPU
		{E1E9DBFF-FA35-4671-A3BB-80DEB48AAD13}.Release|x86.ActiveCfg = Release|Any CPU
		{E1E9DBFF-FA35-4671-A3BB-80DEB48AAD13}.Release|x86.Build.0 = Release|Any CPU
	EndGlobalSection
	GlobalSection(SolutionProperties) = preSolution
		HideSolutionNode = FALSE
	EndGlobalSection
	GlobalSection(ExtensibilityGlobals) = postSolution
		SolutionGuid = {D84FDA2B-233D-4028-8B41-91E6E5BECBAF}
	EndGlobalSection
EndGlobal
